# @generated - this file is auto-generated by `mise lock` https://mise.jdx.dev/dev-tools/mise-lock.html

lockfile_version = 2

[[tools."aqua:mikefarah/yq"]]
version = "4.53.6"
backend = "aqua:mikefarah/yq"
specifiers = ["4.53.6"]

[tools."aqua:mikefarah/yq"."platforms.linux-arm64"]
checksum = "sha256:88a1016bc1d657375a35864e4f44b6f333df8ff97b559f51bba0adcb2169df09"
url = "https://github.com/mikefarah/yq/releases/download/v4.53.6/yq_linux_arm64"
url_api = "https://api.github.com/repos/mikefarah/yq/releases/assets/522028007"
provenance = "cosign"

[tools."aqua:mikefarah/yq"."platforms.linux-x64"]
checksum = "sha256:c5f056448f973ae7d39b5401949648a78f2dc1947d6a8eb65be60d5c504b9385"
url = "https://github.com/mikefarah/yq/releases/download/v4.53.6/yq_linux_amd64"
url_api = "https://api.github.com/repos/mikefarah/yq/releases/assets/522028022"
provenance = "cosign"

[tools."aqua:mikefarah/yq"."platforms.macos-arm64"]
checksum = "sha256:cceb0b8d71ea5294334121f8429f33f92b920e7217d904a2f9f35443968ac424"
url = "https://github.com/mikefarah/yq/releases/download/v4.53.6/yq_darwin_arm64"
url_api = "https://api.github.com/repos/mikefarah/yq/releases/assets/522028033"
provenance = "cosign"

[[tools."aqua:rhysd/actionlint"]]
version = "1.7.12"
backend = "aqua:rhysd/actionlint"
specifiers = ["1.7.12"]

[tools."aqua:rhysd/actionlint"."platforms.linux-arm64"]
checksum = "sha256:325e971b6ba9bfa504672e29be93c24981eeb1c07576d730e9f7c8805afff0c6"
url = "https://github.com/rhysd/actionlint/releases/download/v1.7.12/actionlint_1.7.12_linux_arm64.tar.gz"
url_api = "https://api.github.com/repos/rhysd/actionlint/releases/assets/384924897"
provenance = "github-attestations"

[tools."aqua:rhysd/actionlint"."platforms.linux-x64"]
checksum = "sha256:8aca8db96f1b94770f1b0d72b6dddcb1ebb8123cb3712530b08cc387b349a3d8"
url = "https://github.com/rhysd/actionlint/releases/download/v1.7.12/actionlint_1.7.12_linux_amd64.tar.gz"
url_api = "https://api.github.com/repos/rhysd/actionlint/releases/assets/384924896"
provenance = "github-attestations"

[tools."aqua:rhysd/actionlint"."platforms.macos-arm64"]
checksum = "sha256:aba9ced2dee8d27fecca3dc7feb1a7f9a52caefa1eb46f3271ea66b6e0e6953f"
url = "https://github.com/rhysd/actionlint/releases/download/v1.7.12/actionlint_1.7.12_darwin_arm64.tar.gz"
url_api = "https://api.github.com/repos/rhysd/actionlint/releases/assets/384924893"
provenance = "github-attestations"

[[tools."aqua:zizmorcore/zizmor"]]
version = "1.30.1"
backend = "aqua:zizmorcore/zizmor"
specifiers = ["1.30.1"]

[tools."aqua:zizmorcore/zizmor"."platforms.linux-arm64"]
checksum = "sha256:7ff1dce33bdd18fd2a4affe63bdd47efcccca97b2cec1c1863ec26e9e2647540"
url = "https://github.com/zizmorcore/zizmor/releases/download/v1.30.1/zizmor-aarch64-unknown-linux-gnu.tar.gz"
url_api = "https://api.github.com/repos/zizmorcore/zizmor/releases/assets/552067643"
provenance = "github-attestations"

[tools."aqua:zizmorcore/zizmor"."platforms.linux-x64"]
checksum = "sha256:e65324f4430c2717591937edcec90ccbefaf14c174f8ec9415e03ca875b46e1a"
url = "https://github.com/zizmorcore/zizmor/releases/download/v1.30.1/zizmor-x86_64-unknown-linux-gnu.tar.gz"
url_api = "https://api.github.com/repos/zizmorcore/zizmor/releases/assets/552067642"
provenance = "github-attestations"

[tools."aqua:zizmorcore/zizmor"."platforms.macos-arm64"]
checksum = "sha256:e28d22b087f9ebb8d99da6e740d348c930f559961c7c3f12badda54f882195a2"
url = "https://github.com/zizmorcore/zizmor/releases/download/v1.30.1/zizmor-aarch64-apple-darwin.tar.gz"
url_api = "https://api.github.com/repos/zizmorcore/zizmor/releases/assets/552067640"
provenance = "github-attestations"

[[tools."github:crate-ci/committed"]]
version = "1.1.11"
backend = "github:crate-ci/committed"
specifiers = ["1.1.11"]

[tools."github:crate-ci/committed"."platforms.linux-arm64"]
checksum = "sha256:96d6334ab2dccc0e90b67ebdcaa2af856f29eadef48161926e21a0e35f1ae80d"
url = "https://github.com/crate-ci/committed/releases/download/v1.1.11/committed-v1.1.11-aarch64-unknown-linux-musl.tar.gz"
url_api = "https://api.github.com/repos/crate-ci/committed/releases/assets/361545435"

[tools."github:crate-ci/committed"."platforms.linux-x64"]
checksum = "sha256:1e5c20049eeaa4633e6798283913f92dc90a97f2b5c6dfc28e8c4b7e77a67157"
url = "https://github.com/crate-ci/committed/releases/download/v1.1.11/committed-v1.1.11-x86_64-unknown-linux-musl.tar.gz"
url_api = "https://api.github.com/repos/crate-ci/committed/releases/assets/361544963"

[tools."github:crate-ci/committed"."platforms.macos-arm64"]
checksum = "sha256:98eae08e1b0715ef6446c4bd08352f21f3a3ce21535a35687a1e132bcb4fcac1"
url = "https://github.com/crate-ci/committed/releases/download/v1.1.11/committed-v1.1.11-aarch64-apple-darwin.tar.gz"
url_api = "https://api.github.com/repos/crate-ci/committed/releases/assets/362199688"

[[tools."github:musher-dev/engineering-conventions"]]
version = "0.5.0"
backend = "github:musher-dev/engineering-conventions"
specifiers = ["0.5.0"]

[tools."github:musher-dev/engineering-conventions"."platforms.linux-arm64"]
checksum = "sha256:ed1ebc7b1e8b28f71a500a146d8377dc342be2e87ed44a00b1f00829c989b452"
url = "https://github.com/musher-dev/engineering-conventions/releases/download/v0.5.0/engineering-conventions-0.5.0.tar.gz"
url_api = "https://api.github.com/repos/musher-dev/engineering-conventions/releases/assets/593359478"
provenance = "github-attestations"

[tools."github:musher-dev/engineering-conventions"."platforms.linux-x64"]
checksum = "sha256:ed1ebc7b1e8b28f71a500a146d8377dc342be2e87ed44a00b1f00829c989b452"
url = "https://github.com/musher-dev/engineering-conventions/releases/download/v0.5.0/engineering-conventions-0.5.0.tar.gz"
url_api = "https://api.github.com/repos/musher-dev/engineering-conventions/releases/assets/593359478"
provenance = "github-attestations"

[tools."github:musher-dev/engineering-conventions"."platforms.macos-arm64"]
checksum = "sha256:ed1ebc7b1e8b28f71a500a146d8377dc342be2e87ed44a00b1f00829c989b452"
url = "https://github.com/musher-dev/engineering-conventions/releases/download/v0.5.0/engineering-conventions-0.5.0.tar.gz"
url_api = "https://api.github.com/repos/musher-dev/engineering-conventions/releases/assets/593359478"
provenance = "github-attestations"
