# @generated - this file is auto-generated by `mise lock` https://mise.jdx.dev/dev-tools/mise-lock.html

lockfile_version = 2

[[tools."aqua:astral-sh/uv"]]
version = "0.12.18"
backend = "aqua:astral-sh/uv"
specifiers = ["0.12.18"]

[tools."aqua:astral-sh/uv"."platforms.linux-arm64"]
checksum = "sha256:afb6291f3f0a6b4521fc67b947822506c41dde5b60d2189dd8f3695b2ac8c9e7"
url = "https://github.com/astral-sh/uv/releases/download/0.12.18/uv-aarch64-unknown-linux-gnu.tar.gz"
url_api = "https://api.github.com/repos/astral-sh/uv/releases/assets/582430569"
provenance = "github-attestations"

[tools."aqua:astral-sh/uv"."platforms.linux-arm64-musl"]
checksum = "sha256:0796973fb3eea8095078c3d0659bd17a5f6789a71b8dd85caff2483178f78ac3"
url = "https://github.com/astral-sh/uv/releases/download/0.12.18/uv-aarch64-unknown-linux-musl.tar.gz"
url_api = "https://api.github.com/repos/astral-sh/uv/releases/assets/582430577"
provenance = "github-attestations"

[tools."aqua:astral-sh/uv"."platforms.linux-x64"]
checksum = "sha256:89eadd7c76fc063887959510d5ba0ab1264dfd5f1143b925ddb73021a40acf16"
url = "https://github.com/astral-sh/uv/releases/download/0.12.18/uv-x86_64-unknown-linux-gnu.tar.gz"
url_api = "https://api.github.com/repos/astral-sh/uv/releases/assets/582430671"
provenance = "github-attestations"

[tools."aqua:astral-sh/uv"."platforms.linux-x64-musl"]
checksum = "sha256:e38d97460b98ebfd31b197de0fe9fa578add4bc8ba0179b203dd3f87b99f98e6"
url = "https://github.com/astral-sh/uv/releases/download/0.12.18/uv-x86_64-unknown-linux-musl.tar.gz"
url_api = "https://api.github.com/repos/astral-sh/uv/releases/assets/582430675"
provenance = "github-attestations"

[tools."aqua:astral-sh/uv"."platforms.macos-arm64"]
checksum = "sha256:cf40e0c6a202190ccd9e0406dcfdd5b2d6668a9a5c779b17948963df32aafe5b"
url = "https://github.com/astral-sh/uv/releases/download/0.12.18/uv-aarch64-apple-darwin.tar.gz"
url_api = "https://api.github.com/repos/astral-sh/uv/releases/assets/582430554"
provenance = "github-attestations"

[tools."aqua:astral-sh/uv"."platforms.macos-x64"]
checksum = "sha256:2e4108f5395397c8bc5d43bf83d3bdbb2d0e92b90d0efa607756be704905fa33"
url = "https://github.com/astral-sh/uv/releases/download/0.12.18/uv-x86_64-apple-darwin.tar.gz"
url_api = "https://api.github.com/repos/astral-sh/uv/releases/assets/582430660"
provenance = "github-attestations"

[tools."aqua:astral-sh/uv"."platforms.windows-x64"]
checksum = "sha256:cae6a3bc25239f83dffb467a4b180508d9da23986c04639ebfa44e43e6a84bff"
url = "https://github.com/astral-sh/uv/releases/download/0.12.18/uv-x86_64-pc-windows-msvc.zip"
url_api = "https://api.github.com/repos/astral-sh/uv/releases/assets/582430665"
provenance = "github-attestations"

[[tools."aqua:crate-ci/typos"]]
version = "1.50.2"
backend = "aqua:crate-ci/typos"
specifiers = ["1.50.2"]

[tools."aqua:crate-ci/typos"."platforms.linux-arm64"]
checksum = "sha256:27c4b6d0ba6f37d120ce32117777d703fc9d57ba71f16e8bcde5b35c987cf9b8"
url = "https://github.com/crate-ci/typos/releases/download/v1.50.2/typos-v1.50.2-aarch64-unknown-linux-musl.tar.gz"
url_api = "https://api.github.com/repos/crate-ci/typos/releases/assets/565799446"

[tools."aqua:crate-ci/typos"."platforms.linux-arm64-musl"]
checksum = "sha256:27c4b6d0ba6f37d120ce32117777d703fc9d57ba71f16e8bcde5b35c987cf9b8"
url = "https://github.com/crate-ci/typos/releases/download/v1.50.2/typos-v1.50.2-aarch64-unknown-linux-musl.tar.gz"
url_api = "https://api.github.com/repos/crate-ci/typos/releases/assets/565799446"

[tools."aqua:crate-ci/typos"."platforms.linux-x64"]
checksum = "sha256:abcb3e257c7c2abeff4d903f7fe68071357637605bdb283ce2251f44bc70dc09"
url = "https://github.com/crate-ci/typos/releases/download/v1.50.2/typos-v1.50.2-x86_64-unknown-linux-musl.tar.gz"
url_api = "https://api.github.com/repos/crate-ci/typos/releases/assets/565795694"

[tools."aqua:crate-ci/typos"."platforms.linux-x64-musl"]
checksum = "sha256:abcb3e257c7c2abeff4d903f7fe68071357637605bdb283ce2251f44bc70dc09"
url = "https://github.com/crate-ci/typos/releases/download/v1.50.2/typos-v1.50.2-x86_64-unknown-linux-musl.tar.gz"
url_api = "https://api.github.com/repos/crate-ci/typos/releases/assets/565795694"

[tools."aqua:crate-ci/typos"."platforms.macos-arm64"]
checksum = "sha256:70d61e9d682034133f0aa56f5a02bae0de168495f3cce62a87054aa7186c1901"
url = "https://github.com/crate-ci/typos/releases/download/v1.50.2/typos-v1.50.2-aarch64-apple-darwin.tar.gz"
url_api = "https://api.github.com/repos/crate-ci/typos/releases/assets/565802016"

[tools."aqua:crate-ci/typos"."platforms.macos-x64"]
checksum = "sha256:7480a081e51d428d94f560ef8b855ae0decb7c35cc686925ed887c5f51b1ecf1"
url = "https://github.com/crate-ci/typos/releases/download/v1.50.2/typos-v1.50.2-x86_64-apple-darwin.tar.gz"
url_api = "https://api.github.com/repos/crate-ci/typos/releases/assets/565800683"

[tools."aqua:crate-ci/typos"."platforms.windows-x64"]
checksum = "sha256:8474ca8bd72df497b7dee2272345bdea0d4926b18b708faea492fc9bcfd0b0e9"
url = "https://github.com/crate-ci/typos/releases/download/v1.50.2/typos-v1.50.2-x86_64-pc-windows-msvc.zip"
url_api = "https://api.github.com/repos/crate-ci/typos/releases/assets/565798642"

[[tools."aqua:evilmartians/lefthook"]]
version = "2.1.14"
backend = "aqua:evilmartians/lefthook"
specifiers = ["2.1.14"]

[tools."aqua:evilmartians/lefthook"."platforms.linux-arm64"]
checksum = "sha256:2fd4b1f33aab4e4c8691a1a6a750b0638a40bdef871234cacb33781615dbf7ba"
url = "https://github.com/evilmartians/lefthook/releases/download/v2.1.14/lefthook_2.1.14_Linux_aarch64.gz"
url_api = "https://api.github.com/repos/evilmartians/lefthook/releases/assets/563149908"
provenance = "github-attestations"

[tools."aqua:evilmartians/lefthook"."platforms.linux-arm64-musl"]
checksum = "sha256:2fd4b1f33aab4e4c8691a1a6a750b0638a40bdef871234cacb33781615dbf7ba"
url = "https://github.com/evilmartians/lefthook/releases/download/v2.1.14/lefthook_2.1.14_Linux_aarch64.gz"
url_api = "https://api.github.com/repos/evilmartians/lefthook/releases/assets/563149908"
provenance = "github-attestations"

[tools."aqua:evilmartians/lefthook"."platforms.linux-x64"]
checksum = "sha256:2be3187101b3a2edd5edf8b546aa2e3820531c517b4cd0216601a9c06f07c42d"
url = "https://github.com/evilmartians/lefthook/releases/download/v2.1.14/lefthook_2.1.14_Linux_x86_64.gz"
url_api = "https://api.github.com/repos/evilmartians/lefthook/releases/assets/563149839"
provenance = "github-attestations"

[tools."aqua:evilmartians/lefthook"."platforms.linux-x64-musl"]
checksum = "sha256:2be3187101b3a2edd5edf8b546aa2e3820531c517b4cd0216601a9c06f07c42d"
url = "https://github.com/evilmartians/lefthook/releases/download/v2.1.14/lefthook_2.1.14_Linux_x86_64.gz"
url_api = "https://api.github.com/repos/evilmartians/lefthook/releases/assets/563149839"
provenance = "github-attestations"

[tools."aqua:evilmartians/lefthook"."platforms.macos-arm64"]
checksum = "sha256:398e6a23dfe2de3fc113e091dd4b592795cc8f1665acf5501856858b8056d686"
url = "https://github.com/evilmartians/lefthook/releases/download/v2.1.14/lefthook_2.1.14_MacOS_arm64.gz"
url_api = "https://api.github.com/repos/evilmartians/lefthook/releases/assets/563149840"
provenance = "github-attestations"

[tools."aqua:evilmartians/lefthook"."platforms.macos-x64"]
checksum = "sha256:9e304cad12b3785bf45ba6085fa6a91ed45f6ff6e7dabd50cb6834959caef06a"
url = "https://github.com/evilmartians/lefthook/releases/download/v2.1.14/lefthook_2.1.14_MacOS_x86_64.gz"
url_api = "https://api.github.com/repos/evilmartians/lefthook/releases/assets/563149898"
provenance = "github-attestations"

[tools."aqua:evilmartians/lefthook"."platforms.windows-x64"]
checksum = "sha256:61a0f47c75c741fa2788aff55f85dfa0a34307257b176cb6b20fd821ae030454"
url = "https://github.com/evilmartians/lefthook/releases/download/v2.1.14/lefthook_2.1.14_Windows_x86_64.gz"
url_api = "https://api.github.com/repos/evilmartians/lefthook/releases/assets/563149872"
provenance = "github-attestations"

[[tools."aqua:gitleaks/gitleaks"]]
version = "8.30.1"
backend = "aqua:gitleaks/gitleaks"
specifiers = ["8.30.1"]

[tools."aqua:gitleaks/gitleaks"."platforms.linux-arm64"]
checksum = "sha256:e4a487ee7ccd7d3a7f7ec08657610aa3606637dab924210b3aee62570fb4b080"
url = "https://github.com/gitleaks/gitleaks/releases/download/v8.30.1/gitleaks_8.30.1_linux_arm64.tar.gz"
url_api = "https://api.github.com/repos/gitleaks/gitleaks/releases/assets/378332057"

[tools."aqua:gitleaks/gitleaks"."platforms.linux-arm64-musl"]
checksum = "sha256:e4a487ee7ccd7d3a7f7ec08657610aa3606637dab924210b3aee62570fb4b080"
url = "https://github.com/gitleaks/gitleaks/releases/download/v8.30.1/gitleaks_8.30.1_linux_arm64.tar.gz"
url_api = "https://api.github.com/repos/gitleaks/gitleaks/releases/assets/378332057"

[tools."aqua:gitleaks/gitleaks"."platforms.linux-x64"]
checksum = "sha256:551f6fc83ea457d62a0d98237cbad105af8d557003051f41f3e7ca7b3f2470eb"
url = "https://github.com/gitleaks/gitleaks/releases/download/v8.30.1/gitleaks_8.30.1_linux_x64.tar.gz"
url_api = "https://api.github.com/repos/gitleaks/gitleaks/releases/assets/378332058"

[tools."aqua:gitleaks/gitleaks"."platforms.linux-x64-musl"]
checksum = "sha256:551f6fc83ea457d62a0d98237cbad105af8d557003051f41f3e7ca7b3f2470eb"
url = "https://github.com/gitleaks/gitleaks/releases/download/v8.30.1/gitleaks_8.30.1_linux_x64.tar.gz"
url_api = "https://api.github.com/repos/gitleaks/gitleaks/releases/assets/378332058"

[tools."aqua:gitleaks/gitleaks"."platforms.macos-arm64"]
checksum = "sha256:b40ab0ae55c505963e365f271a8d3846efbc170aa17f2607f13df610a9aeb6a5"
url = "https://github.com/gitleaks/gitleaks/releases/download/v8.30.1/gitleaks_8.30.1_darwin_arm64.tar.gz"
url_api = "https://api.github.com/repos/gitleaks/gitleaks/releases/assets/378332059"

[tools."aqua:gitleaks/gitleaks"."platforms.macos-x64"]
checksum = "sha256:dfe101a4db2255fc85120ac7f3d25e4342c3c20cf749f2c20a18081af1952709"
url = "https://github.com/gitleaks/gitleaks/releases/download/v8.30.1/gitleaks_8.30.1_darwin_x64.tar.gz"
url_api = "https://api.github.com/repos/gitleaks/gitleaks/releases/assets/378332053"

[tools."aqua:gitleaks/gitleaks"."platforms.windows-x64"]
checksum = "sha256:d29144deff3a68aa93ced33dddf84b7fdc26070add4aa0f4513094c8332afc4e"
url = "https://github.com/gitleaks/gitleaks/releases/download/v8.30.1/gitleaks_8.30.1_windows_x64.zip"
url_api = "https://api.github.com/repos/gitleaks/gitleaks/releases/assets/378333178"

[[tools."aqua:go-task/task"]]
version = "3.53.1"
backend = "aqua:go-task/task"
specifiers = ["3.53.1"]

[tools."aqua:go-task/task"."platforms.linux-arm64"]
checksum = "sha256:e3ad19101493a0112e1f22ae8ccc54bf03e533b1076a0ca1e6c782a09ad2e588"
url = "https://github.com/go-task/task/releases/download/v3.53.1/task_linux_arm64.tar.gz"
url_api = "https://api.github.com/repos/go-task/task/releases/assets/519645523"

[tools."aqua:go-task/task"."platforms.linux-arm64-musl"]
checksum = "sha256:e3ad19101493a0112e1f22ae8ccc54bf03e533b1076a0ca1e6c782a09ad2e588"
url = "https://github.com/go-task/task/releases/download/v3.53.1/task_linux_arm64.tar.gz"
url_api = "https://api.github.com/repos/go-task/task/releases/assets/519645523"

[tools."aqua:go-task/task"."platforms.linux-x64"]
checksum = "sha256:a54a408f6861ff921f6e87774180db31bacd8c1e7c944ca696db9fea49a82fc7"
url = "https://github.com/go-task/task/releases/download/v3.53.1/task_linux_amd64.tar.gz"
url_api = "https://api.github.com/repos/go-task/task/releases/assets/519645449"

[tools."aqua:go-task/task"."platforms.linux-x64-musl"]
checksum = "sha256:a54a408f6861ff921f6e87774180db31bacd8c1e7c944ca696db9fea49a82fc7"
url = "https://github.com/go-task/task/releases/download/v3.53.1/task_linux_amd64.tar.gz"
url_api = "https://api.github.com/repos/go-task/task/releases/assets/519645449"

[tools."aqua:go-task/task"."platforms.macos-arm64"]
checksum = "sha256:85d2d96c2380b33d7855b07b3f7a20dc7ca0eda999a26efa0fb5f6f32b366cd7"
url = "https://github.com/go-task/task/releases/download/v3.53.1/task_darwin_arm64.tar.gz"
url_api = "https://api.github.com/repos/go-task/task/releases/assets/519645491"

[tools."aqua:go-task/task"."platforms.macos-x64"]
checksum = "sha256:7f1a702d54a789cb818a636039a83df071f4179893133afafa4eba351a7e19ef"
url = "https://github.com/go-task/task/releases/download/v3.53.1/task_darwin_amd64.tar.gz"
url_api = "https://api.github.com/repos/go-task/task/releases/assets/519645492"

[tools."aqua:go-task/task"."platforms.windows-x64"]
checksum = "sha256:27c0cd248c12cba03d8958d954a3df981c900be885ec9ce5f6a3cdc4e9a19316"
url = "https://github.com/go-task/task/releases/download/v3.53.1/task_windows_amd64.zip"
url_api = "https://api.github.com/repos/go-task/task/releases/assets/519645548"

[[tools."aqua:jqlang/jq"]]
version = "1.8.2"
backend = "aqua:jqlang/jq"
specifiers = ["1.8.2"]

[tools."aqua:jqlang/jq"."platforms.linux-arm64"]
checksum = "sha256:8b85c817833814ddca00a144c33705546355afccf0cf39b188f3cdb48b852309"
url = "https://github.com/jqlang/jq/releases/download/jq-1.8.2/jq-linux-arm64"
url_api = "https://api.github.com/repos/jqlang/jq/releases/assets/453012756"
provenance = "github-attestations"

[tools."aqua:jqlang/jq"."platforms.linux-arm64-musl"]
checksum = "sha256:8b85c817833814ddca00a144c33705546355afccf0cf39b188f3cdb48b852309"
url = "https://github.com/jqlang/jq/releases/download/jq-1.8.2/jq-linux-arm64"
url_api = "https://api.github.com/repos/jqlang/jq/releases/assets/453012756"
provenance = "github-attestations"

[tools."aqua:jqlang/jq"."platforms.linux-x64"]
checksum = "sha256:b1c22172dd303f3be49e935aa56aa48a8b7a46e0bc838b4997d3bb451495870f"
url = "https://github.com/jqlang/jq/releases/download/jq-1.8.2/jq-linux-amd64"
url_api = "https://api.github.com/repos/jqlang/jq/releases/assets/453012752"
provenance = "github-attestations"

[tools."aqua:jqlang/jq"."platforms.linux-x64-musl"]
checksum = "sha256:b1c22172dd303f3be49e935aa56aa48a8b7a46e0bc838b4997d3bb451495870f"
url = "https://github.com/jqlang/jq/releases/download/jq-1.8.2/jq-linux-amd64"
url_api = "https://api.github.com/repos/jqlang/jq/releases/assets/453012752"
provenance = "github-attestations"

[tools."aqua:jqlang/jq"."platforms.macos-arm64"]
checksum = "sha256:2d75340ba57a4b4b4c8708a21c2dc8e958a48aaa8bba13b27f77f6e4c0eca07e"
url = "https://github.com/jqlang/jq/releases/download/jq-1.8.2/jq-macos-arm64"
url_api = "https://api.github.com/repos/jqlang/jq/releases/assets/453012783"
provenance = "github-attestations"

[tools."aqua:jqlang/jq"."platforms.macos-x64"]
checksum = "sha256:e94b266e3c26690550006abe63152b782280f4e14374accdf04cbde844f00bc0"
url = "https://github.com/jqlang/jq/releases/download/jq-1.8.2/jq-macos-amd64"
url_api = "https://api.github.com/repos/jqlang/jq/releases/assets/453012782"
provenance = "github-attestations"

[tools."aqua:jqlang/jq"."platforms.windows-x64"]
checksum = "sha256:a6fc67fedaf9128a3309a1e2ebb8b986aeccf70122ee46d2cb4849e423f0c627"
url = "https://github.com/jqlang/jq/releases/download/jq-1.8.2/jq-windows-amd64.exe"
url_api = "https://api.github.com/repos/jqlang/jq/releases/assets/453012788"
provenance = "github-attestations"

[[tools."aqua:koalaman/shellcheck"]]
version = "0.11.0"
backend = "aqua:koalaman/shellcheck"
specifiers = ["0.11.0"]

[tools."aqua:koalaman/shellcheck"."platforms.linux-arm64"]
checksum = "sha256:12b331c1d2db6b9eb13cfca64306b1b157a86eb69db83023e261eaa7e7c14588"
url = "https://github.com/koalaman/shellcheck/releases/download/v0.11.0/shellcheck-v0.11.0.linux.aarch64.tar.xz"
url_api = "https://api.github.com/repos/koalaman/shellcheck/releases/assets/279056934"

[tools."aqua:koalaman/shellcheck"."platforms.linux-arm64-musl"]
checksum = "sha256:12b331c1d2db6b9eb13cfca64306b1b157a86eb69db83023e261eaa7e7c14588"
url = "https://github.com/koalaman/shellcheck/releases/download/v0.11.0/shellcheck-v0.11.0.linux.aarch64.tar.xz"
url_api = "https://api.github.com/repos/koalaman/shellcheck/releases/assets/279056934"

[tools."aqua:koalaman/shellcheck"."platforms.linux-x64"]
checksum = "sha256:8c3be12b05d5c177a04c29e3c78ce89ac86f1595681cab149b65b97c4e227198"
url = "https://github.com/koalaman/shellcheck/releases/download/v0.11.0/shellcheck-v0.11.0.linux.x86_64.tar.xz"
url_api = "https://api.github.com/repos/koalaman/shellcheck/releases/assets/279056942"

[tools."aqua:koalaman/shellcheck"."platforms.linux-x64-musl"]
checksum = "sha256:8c3be12b05d5c177a04c29e3c78ce89ac86f1595681cab149b65b97c4e227198"
url = "https://github.com/koalaman/shellcheck/releases/download/v0.11.0/shellcheck-v0.11.0.linux.x86_64.tar.xz"
url_api = "https://api.github.com/repos/koalaman/shellcheck/releases/assets/279056942"

[tools."aqua:koalaman/shellcheck"."platforms.macos-arm64"]
checksum = "sha256:56affdd8de5527894dca6dc3d7e0a99a873b0f004d7aabc30ae407d3f48b0a79"
url = "https://github.com/koalaman/shellcheck/releases/download/v0.11.0/shellcheck-v0.11.0.darwin.aarch64.tar.xz"
url_api = "https://api.github.com/repos/koalaman/shellcheck/releases/assets/279056932"

[tools."aqua:koalaman/shellcheck"."platforms.macos-x64"]
checksum = "sha256:3c89db4edcab7cf1c27bff178882e0f6f27f7afdf54e859fa041fca10febe4c6"
url = "https://github.com/koalaman/shellcheck/releases/download/v0.11.0/shellcheck-v0.11.0.darwin.x86_64.tar.xz"
url_api = "https://api.github.com/repos/koalaman/shellcheck/releases/assets/279056930"

[tools."aqua:koalaman/shellcheck"."platforms.windows-x64"]
checksum = "sha256:8a4e35ab0b331c85d73567b12f2a444df187f483e5079ceffa6bda1faa2e740e"
url = "https://github.com/koalaman/shellcheck/releases/download/v0.11.0/shellcheck-v0.11.0.zip"
url_api = "https://api.github.com/repos/koalaman/shellcheck/releases/assets/279056944"

[[tools."aqua:mikefarah/yq"]]
version = "4.53.6"
backend = "aqua:mikefarah/yq"
specifiers = ["4.53.6"]

[tools."aqua:mikefarah/yq"."platforms.linux-arm64"]
checksum = "sha256:88a1016bc1d657375a35864e4f44b6f333df8ff97b559f51bba0adcb2169df09"
url = "https://github.com/mikefarah/yq/releases/download/v4.53.6/yq_linux_arm64"
url_api = "https://api.github.com/repos/mikefarah/yq/releases/assets/522028007"
provenance = "cosign"

[tools."aqua:mikefarah/yq"."platforms.linux-arm64-musl"]
checksum = "sha256:88a1016bc1d657375a35864e4f44b6f333df8ff97b559f51bba0adcb2169df09"
url = "https://github.com/mikefarah/yq/releases/download/v4.53.6/yq_linux_arm64"
url_api = "https://api.github.com/repos/mikefarah/yq/releases/assets/522028007"
provenance = "cosign"

[tools."aqua:mikefarah/yq"."platforms.linux-x64"]
checksum = "sha256:c5f056448f973ae7d39b5401949648a78f2dc1947d6a8eb65be60d5c504b9385"
url = "https://github.com/mikefarah/yq/releases/download/v4.53.6/yq_linux_amd64"
url_api = "https://api.github.com/repos/mikefarah/yq/releases/assets/522028022"
provenance = "cosign"

[tools."aqua:mikefarah/yq"."platforms.linux-x64-musl"]
checksum = "sha256:c5f056448f973ae7d39b5401949648a78f2dc1947d6a8eb65be60d5c504b9385"
url = "https://github.com/mikefarah/yq/releases/download/v4.53.6/yq_linux_amd64"
url_api = "https://api.github.com/repos/mikefarah/yq/releases/assets/522028022"
provenance = "cosign"

[tools."aqua:mikefarah/yq"."platforms.macos-arm64"]
checksum = "sha256:cceb0b8d71ea5294334121f8429f33f92b920e7217d904a2f9f35443968ac424"
url = "https://github.com/mikefarah/yq/releases/download/v4.53.6/yq_darwin_arm64"
url_api = "https://api.github.com/repos/mikefarah/yq/releases/assets/522028033"
provenance = "cosign"

[tools."aqua:mikefarah/yq"."platforms.macos-x64"]
checksum = "sha256:caa513cb04f3804b34d4752f0e0d7904fecb9e7cf1d34081289f83259319a7f6"
url = "https://github.com/mikefarah/yq/releases/download/v4.53.6/yq_darwin_amd64"
url_api = "https://api.github.com/repos/mikefarah/yq/releases/assets/522028031"
provenance = "cosign"

[tools."aqua:mikefarah/yq"."platforms.windows-x64"]
checksum = "sha256:ece3dd8bb50d39f93610506273ea262feb91e5c486bbddbb10abf91b2a6c0f14"
url = "https://github.com/mikefarah/yq/releases/download/v4.53.6/yq_windows_amd64.exe"
url_api = "https://api.github.com/repos/mikefarah/yq/releases/assets/522027974"
provenance = "cosign"

[[tools."aqua:open-policy-agent/conftest"]]
version = "0.70.1"
backend = "aqua:open-policy-agent/conftest"
specifiers = ["0.70.1"]

[tools."aqua:open-policy-agent/conftest"."platforms.linux-arm64"]
checksum = "sha256:8eb914755cb1b3c610d557019d5f373d5528b366ba706961d1a23f2ec55eab57"
url = "https://github.com/open-policy-agent/conftest/releases/download/v0.70.1/conftest_0.70.1_Linux_arm64.tar.gz"
url_api = "https://api.github.com/repos/open-policy-agent/conftest/releases/assets/575168381"

[tools."aqua:open-policy-agent/conftest"."platforms.linux-arm64-musl"]
checksum = "sha256:8eb914755cb1b3c610d557019d5f373d5528b366ba706961d1a23f2ec55eab57"
url = "https://github.com/open-policy-agent/conftest/releases/download/v0.70.1/conftest_0.70.1_Linux_arm64.tar.gz"
url_api = "https://api.github.com/repos/open-policy-agent/conftest/releases/assets/575168381"

[tools."aqua:open-policy-agent/conftest"."platforms.linux-x64"]
checksum = "sha256:613d124b8f6c1f3cee890491f7ab19114cca5a2102ca47cb2e6c35b4c23f9c8a"
url = "https://github.com/open-policy-agent/conftest/releases/download/v0.70.1/conftest_0.70.1_Linux_x86_64.tar.gz"
url_api = "https://api.github.com/repos/open-policy-agent/conftest/releases/assets/575168385"

[tools."aqua:open-policy-agent/conftest"."platforms.linux-x64-musl"]
checksum = "sha256:613d124b8f6c1f3cee890491f7ab19114cca5a2102ca47cb2e6c35b4c23f9c8a"
url = "https://github.com/open-policy-agent/conftest/releases/download/v0.70.1/conftest_0.70.1_Linux_x86_64.tar.gz"
url_api = "https://api.github.com/repos/open-policy-agent/conftest/releases/assets/575168385"

[tools."aqua:open-policy-agent/conftest"."platforms.macos-arm64"]
checksum = "sha256:b8eae5ce6c7c3a768a9b9c6c12b0c01f8fc065a99267c94646d309c479b218dd"
url = "https://github.com/open-policy-agent/conftest/releases/download/v0.70.1/conftest_0.70.1_Darwin_arm64.tar.gz"
url_api = "https://api.github.com/repos/open-policy-agent/conftest/releases/assets/575168334"

[tools."aqua:open-policy-agent/conftest"."platforms.macos-x64"]
checksum = "sha256:ccfe6dfb526a8d200d91d1a9f234f07d814f56f93a1ae8f47a5cb30f567dc97f"
url = "https://github.com/open-policy-agent/conftest/releases/download/v0.70.1/conftest_0.70.1_Darwin_x86_64.tar.gz"
url_api = "https://api.github.com/repos/open-policy-agent/conftest/releases/assets/575168333"

[tools."aqua:open-policy-agent/conftest"."platforms.windows-x64"]
checksum = "sha256:f88f02c67975dc0b77dd64b782a07dc1833eb4071170a65b5336fcb0e0dcfb1d"
url = "https://github.com/open-policy-agent/conftest/releases/download/v0.70.1/conftest_0.70.1_Windows_x86_64.zip"
url_api = "https://api.github.com/repos/open-policy-agent/conftest/releases/assets/575168383"

[[tools."aqua:open-policy-agent/opa"]]
version = "1.20.2"
backend = "aqua:open-policy-agent/opa"
specifiers = ["1.20.2"]

[tools."aqua:open-policy-agent/opa"."platforms.linux-arm64"]
checksum = "sha256:431bed5a365578241ab06c7cc1c7d0cdff8c11dcbc6f12c3488590deb8b8d66d"
url = "https://github.com/open-policy-agent/opa/releases/download/v1.20.2/opa_linux_arm64_static"
url_api = "https://api.github.com/repos/open-policy-agent/opa/releases/assets/543330992"

[tools."aqua:open-policy-agent/opa"."platforms.linux-arm64-musl"]
checksum = "sha256:431bed5a365578241ab06c7cc1c7d0cdff8c11dcbc6f12c3488590deb8b8d66d"
url = "https://github.com/open-policy-agent/opa/releases/download/v1.20.2/opa_linux_arm64_static"
url_api = "https://api.github.com/repos/open-policy-agent/opa/releases/assets/543330992"

[tools."aqua:open-policy-agent/opa"."platforms.linux-x64"]
checksum = "sha256:69da5179ee403d10fa11bab6cfb4ffb0d23dba5f9b682fa977db772a1da5670f"
url = "https://github.com/open-policy-agent/opa/releases/download/v1.20.2/opa_linux_amd64_static"
url_api = "https://api.github.com/repos/open-policy-agent/opa/releases/assets/543330976"

[tools."aqua:open-policy-agent/opa"."platforms.linux-x64-musl"]
checksum = "sha256:69da5179ee403d10fa11bab6cfb4ffb0d23dba5f9b682fa977db772a1da5670f"
url = "https://github.com/open-policy-agent/opa/releases/download/v1.20.2/opa_linux_amd64_static"
url_api = "https://api.github.com/repos/open-policy-agent/opa/releases/assets/543330976"

[tools."aqua:open-policy-agent/opa"."platforms.macos-arm64"]
checksum = "sha256:54e7008e696d39e8e4f96594e2b71bcbe45fd9a4f838102bcf1240638bf3fbe1"
url = "https://github.com/open-policy-agent/opa/releases/download/v1.20.2/opa_darwin_arm64_static"
url_api = "https://api.github.com/repos/open-policy-agent/opa/releases/assets/543330934"

[tools."aqua:open-policy-agent/opa"."platforms.macos-x64"]
checksum = "sha256:e9b8d205db1aeaa6ec350855087b7d7fc014e7728b65cdf822464ee59e63f601"
url = "https://github.com/open-policy-agent/opa/releases/download/v1.20.2/opa_darwin_amd64"
url_api = "https://api.github.com/repos/open-policy-agent/opa/releases/assets/543330944"

[tools."aqua:open-policy-agent/opa"."platforms.windows-x64"]
checksum = "sha256:e2f2e2b735ab98f316171ca47a6b352288cdeb5a616e31aa16335b8934748453"
url = "https://github.com/open-policy-agent/opa/releases/download/v1.20.2/opa_windows_amd64.exe"
url_api = "https://api.github.com/repos/open-policy-agent/opa/releases/assets/543331003"

[[tools."aqua:open-policy-agent/regal"]]
version = "0.42.0"
backend = "aqua:open-policy-agent/regal"
specifiers = ["0.42.0"]

[tools."aqua:open-policy-agent/regal"."platforms.linux-arm64"]
checksum = "sha256:13a2ba4a049fa8f3f64ed602a56bad1378eec253d36a977799ff51e694e47c77"
url = "https://github.com/open-policy-agent/regal/releases/download/v0.42.0/regal_Linux_arm64"
url_api = "https://api.github.com/repos/open-policy-agent/regal/releases/assets/479238684"

[tools."aqua:open-policy-agent/regal"."platforms.linux-arm64-musl"]
checksum = "sha256:13a2ba4a049fa8f3f64ed602a56bad1378eec253d36a977799ff51e694e47c77"
url = "https://github.com/open-policy-agent/regal/releases/download/v0.42.0/regal_Linux_arm64"
url_api = "https://api.github.com/repos/open-policy-agent/regal/releases/assets/479238684"

[tools."aqua:open-policy-agent/regal"."platforms.linux-x64"]
checksum = "sha256:2ebd3c93e4b325b735dbc4851a033e4d7830e88a79c47c8d087ea75c061cec67"
url = "https://github.com/open-policy-agent/regal/releases/download/v0.42.0/regal_Linux_x86_64"
url_api = "https://api.github.com/repos/open-policy-agent/regal/releases/assets/479238713"

[tools."aqua:open-policy-agent/regal"."platforms.linux-x64-musl"]
checksum = "sha256:2ebd3c93e4b325b735dbc4851a033e4d7830e88a79c47c8d087ea75c061cec67"
url = "https://github.com/open-policy-agent/regal/releases/download/v0.42.0/regal_Linux_x86_64"
url_api = "https://api.github.com/repos/open-policy-agent/regal/releases/assets/479238713"

[tools."aqua:open-policy-agent/regal"."platforms.macos-arm64"]
checksum = "sha256:c3ee16c956b8cd5b3aeb53414afbd2a11b0dff1aa1e726fc91e33e7adef31845"
url = "https://github.com/open-policy-agent/regal/releases/download/v0.42.0/regal_Darwin_arm64"
url_api = "https://api.github.com/repos/open-policy-agent/regal/releases/assets/479238681"

[tools."aqua:open-policy-agent/regal"."platforms.macos-x64"]
checksum = "sha256:b8fe86028a9730ab6c6fbdf2ef292596b1a0037c3c1accbd0dd00a8724935ff7"
url = "https://github.com/open-policy-agent/regal/releases/download/v0.42.0/regal_Darwin_x86_64"
url_api = "https://api.github.com/repos/open-policy-agent/regal/releases/assets/479238686"

[tools."aqua:open-policy-agent/regal"."platforms.windows-x64"]
checksum = "sha256:d113463872746511276983575322c5b6706479fd231e865d3584ed98e777c50f"
url = "https://github.com/open-policy-agent/regal/releases/download/v0.42.0/regal_Windows_x86_64.exe"
url_api = "https://api.github.com/repos/open-policy-agent/regal/releases/assets/479238685"

[[tools."aqua:rhysd/actionlint"]]
version = "1.7.12"
backend = "aqua:rhysd/actionlint"
specifiers = ["1.7.12"]

[tools."aqua:rhysd/actionlint"."platforms.linux-arm64"]
checksum = "sha256:325e971b6ba9bfa504672e29be93c24981eeb1c07576d730e9f7c8805afff0c6"
url = "https://github.com/rhysd/actionlint/releases/download/v1.7.12/actionlint_1.7.12_linux_arm64.tar.gz"
url_api = "https://api.github.com/repos/rhysd/actionlint/releases/assets/384924897"
provenance = "github-attestations"

[tools."aqua:rhysd/actionlint"."platforms.linux-arm64-musl"]
checksum = "sha256:325e971b6ba9bfa504672e29be93c24981eeb1c07576d730e9f7c8805afff0c6"
url = "https://github.com/rhysd/actionlint/releases/download/v1.7.12/actionlint_1.7.12_linux_arm64.tar.gz"
url_api = "https://api.github.com/repos/rhysd/actionlint/releases/assets/384924897"
provenance = "github-attestations"

[tools."aqua:rhysd/actionlint"."platforms.linux-x64"]
checksum = "sha256:8aca8db96f1b94770f1b0d72b6dddcb1ebb8123cb3712530b08cc387b349a3d8"
url = "https://github.com/rhysd/actionlint/releases/download/v1.7.12/actionlint_1.7.12_linux_amd64.tar.gz"
url_api = "https://api.github.com/repos/rhysd/actionlint/releases/assets/384924896"
provenance = "github-attestations"

[tools."aqua:rhysd/actionlint"."platforms.linux-x64-musl"]
checksum = "sha256:8aca8db96f1b94770f1b0d72b6dddcb1ebb8123cb3712530b08cc387b349a3d8"
url = "https://github.com/rhysd/actionlint/releases/download/v1.7.12/actionlint_1.7.12_linux_amd64.tar.gz"
url_api = "https://api.github.com/repos/rhysd/actionlint/releases/assets/384924896"
provenance = "github-attestations"

[tools."aqua:rhysd/actionlint"."platforms.macos-arm64"]
checksum = "sha256:aba9ced2dee8d27fecca3dc7feb1a7f9a52caefa1eb46f3271ea66b6e0e6953f"
url = "https://github.com/rhysd/actionlint/releases/download/v1.7.12/actionlint_1.7.12_darwin_arm64.tar.gz"
url_api = "https://api.github.com/repos/rhysd/actionlint/releases/assets/384924893"
provenance = "github-attestations"

[tools."aqua:rhysd/actionlint"."platforms.macos-x64"]
checksum = "sha256:5b44c3bc2255115c9b69e30efc0fecdf498fdb63c5d58e17084fd5f16324c644"
url = "https://github.com/rhysd/actionlint/releases/download/v1.7.12/actionlint_1.7.12_darwin_amd64.tar.gz"
url_api = "https://api.github.com/repos/rhysd/actionlint/releases/assets/384924880"
provenance = "github-attestations"

[tools."aqua:rhysd/actionlint"."platforms.windows-x64"]
checksum = "sha256:6e7241b51e6817ea6a047693d8e6fed13b31819c9a0dd6c5a726e1592d22f6e9"
url = "https://github.com/rhysd/actionlint/releases/download/v1.7.12/actionlint_1.7.12_windows_amd64.zip"
url_api = "https://api.github.com/repos/rhysd/actionlint/releases/assets/384924919"
provenance = "github-attestations"

[[tools."aqua:tamasfe/taplo"]]
version = "0.10.0"
backend = "aqua:tamasfe/taplo"
specifiers = ["0.10.0"]

[tools."aqua:tamasfe/taplo"."platforms.linux-arm64"]
url = "https://github.com/tamasfe/taplo/releases/download/0.10.0/taplo-linux-aarch64.gz"
url_api = "https://api.github.com/repos/tamasfe/taplo/releases/assets/257322597"

[tools."aqua:tamasfe/taplo"."platforms.linux-arm64-musl"]
url = "https://github.com/tamasfe/taplo/releases/download/0.10.0/taplo-linux-aarch64.gz"
url_api = "https://api.github.com/repos/tamasfe/taplo/releases/assets/257322597"

[tools."aqua:tamasfe/taplo"."platforms.linux-x64"]
url = "https://github.com/tamasfe/taplo/releases/download/0.10.0/taplo-linux-x86_64.gz"
url_api = "https://api.github.com/repos/tamasfe/taplo/releases/assets/257322600"

[tools."aqua:tamasfe/taplo"."platforms.linux-x64-musl"]
url = "https://github.com/tamasfe/taplo/releases/download/0.10.0/taplo-linux-x86_64.gz"
url_api = "https://api.github.com/repos/tamasfe/taplo/releases/assets/257322600"

[tools."aqua:tamasfe/taplo"."platforms.macos-arm64"]
url = "https://github.com/tamasfe/taplo/releases/download/0.10.0/taplo-darwin-aarch64.gz"
url_api = "https://api.github.com/repos/tamasfe/taplo/releases/assets/257323110"

[tools."aqua:tamasfe/taplo"."platforms.macos-x64"]
url = "https://github.com/tamasfe/taplo/releases/download/0.10.0/taplo-darwin-x86_64.gz"
url_api = "https://api.github.com/repos/tamasfe/taplo/releases/assets/257323116"

[tools."aqua:tamasfe/taplo"."platforms.windows-x64"]
url = "https://github.com/tamasfe/taplo/releases/download/0.10.0/taplo-windows-x86_64.zip"
url_api = "https://api.github.com/repos/tamasfe/taplo/releases/assets/257323062"

[[tools."aqua:vale-cli/vale"]]
version = "3.22.0"
backend = "aqua:vale-cli/vale"
specifiers = ["3.22.0"]

[tools."aqua:vale-cli/vale"."platforms.linux-arm64"]
checksum = "sha256:18f57dfe023e804159b2bb307f00274d801d426c518a8a0cc25d4f98bf035e73"
url = "https://github.com/vale-cli/vale/releases/download/v3.22.0/vale_3.22.0_Linux_arm64.tar.gz"
url_api = "https://api.github.com/repos/vale-cli/vale/releases/assets/570522680"

[tools."aqua:vale-cli/vale"."platforms.linux-arm64-musl"]
checksum = "sha256:18f57dfe023e804159b2bb307f00274d801d426c518a8a0cc25d4f98bf035e73"
url = "https://github.com/vale-cli/vale/releases/download/v3.22.0/vale_3.22.0_Linux_arm64.tar.gz"
url_api = "https://api.github.com/repos/vale-cli/vale/releases/assets/570522680"

[tools."aqua:vale-cli/vale"."platforms.linux-x64"]
checksum = "sha256:52f5cd0314a1b7384cac6aa102a68193977312f6ba9c9f3ae001b5deec8e3a10"
url = "https://github.com/vale-cli/vale/releases/download/v3.22.0/vale_3.22.0_Linux_64-bit.tar.gz"
url_api = "https://api.github.com/repos/vale-cli/vale/releases/assets/570522733"

[tools."aqua:vale-cli/vale"."platforms.linux-x64-musl"]
checksum = "sha256:52f5cd0314a1b7384cac6aa102a68193977312f6ba9c9f3ae001b5deec8e3a10"
url = "https://github.com/vale-cli/vale/releases/download/v3.22.0/vale_3.22.0_Linux_64-bit.tar.gz"
url_api = "https://api.github.com/repos/vale-cli/vale/releases/assets/570522733"

[tools."aqua:vale-cli/vale"."platforms.macos-arm64"]
checksum = "sha256:7dea014d6586101f6f695105f2e8825b7297236df0af9e68e193bcb4e4d25f7e"
url = "https://github.com/vale-cli/vale/releases/download/v3.22.0/vale_3.22.0_macOS_arm64.tar.gz"
url_api = "https://api.github.com/repos/vale-cli/vale/releases/assets/570522684"

[tools."aqua:vale-cli/vale"."platforms.macos-x64"]
checksum = "sha256:e54a94b86d45f8bdd751f31ad3d06d6ae04da1154e720a006ed0f2e03a675fff"
url = "https://github.com/vale-cli/vale/releases/download/v3.22.0/vale_3.22.0_macOS_64-bit.tar.gz"
url_api = "https://api.github.com/repos/vale-cli/vale/releases/assets/570522678"

[tools."aqua:vale-cli/vale"."platforms.windows-x64"]
checksum = "sha256:7e55b39881f48ced8cf27406129c065a20247800e82e816a9e79d06c4b1a199e"
url = "https://github.com/vale-cli/vale/releases/download/v3.22.0/vale_3.22.0_Windows_64-bit.zip"
url_api = "https://api.github.com/repos/vale-cli/vale/releases/assets/570522682"

[[tools."aqua:zizmorcore/zizmor"]]
version = "1.30.1"
backend = "aqua:zizmorcore/zizmor"
specifiers = ["1.30.1"]

[tools."aqua:zizmorcore/zizmor"."platforms.linux-arm64"]
checksum = "sha256:7ff1dce33bdd18fd2a4affe63bdd47efcccca97b2cec1c1863ec26e9e2647540"
url = "https://github.com/zizmorcore/zizmor/releases/download/v1.30.1/zizmor-aarch64-unknown-linux-gnu.tar.gz"
url_api = "https://api.github.com/repos/zizmorcore/zizmor/releases/assets/552067643"
provenance = "github-attestations"

[tools."aqua:zizmorcore/zizmor"."platforms.linux-arm64-musl"]
provenance = "github-attestations"

[tools."aqua:zizmorcore/zizmor"."platforms.linux-x64"]
checksum = "sha256:e65324f4430c2717591937edcec90ccbefaf14c174f8ec9415e03ca875b46e1a"
url = "https://github.com/zizmorcore/zizmor/releases/download/v1.30.1/zizmor-x86_64-unknown-linux-gnu.tar.gz"
url_api = "https://api.github.com/repos/zizmorcore/zizmor/releases/assets/552067642"
provenance = "github-attestations"

[tools."aqua:zizmorcore/zizmor"."platforms.linux-x64-musl"]
provenance = "github-attestations"

[tools."aqua:zizmorcore/zizmor"."platforms.macos-arm64"]
checksum = "sha256:e28d22b087f9ebb8d99da6e740d348c930f559961c7c3f12badda54f882195a2"
url = "https://github.com/zizmorcore/zizmor/releases/download/v1.30.1/zizmor-aarch64-apple-darwin.tar.gz"
url_api = "https://api.github.com/repos/zizmorcore/zizmor/releases/assets/552067640"
provenance = "github-attestations"

[tools."aqua:zizmorcore/zizmor"."platforms.macos-x64"]
checksum = "sha256:10e6b18b11ea07e515a16f0f0518c7b07527bc9977c1fd5698181ce7f3554202"
url = "https://github.com/zizmorcore/zizmor/releases/download/v1.30.1/zizmor-x86_64-apple-darwin.tar.gz"
url_api = "https://api.github.com/repos/zizmorcore/zizmor/releases/assets/552067641"
provenance = "github-attestations"

[tools."aqua:zizmorcore/zizmor"."platforms.windows-x64"]
checksum = "sha256:b183b1e996eddfab9659f1e9b46e059f1ef1cf984a1f14e5da09f7876a4b3a1c"
url = "https://github.com/zizmorcore/zizmor/releases/download/v1.30.1/zizmor-x86_64-pc-windows-msvc.zip"
url_api = "https://api.github.com/repos/zizmorcore/zizmor/releases/assets/552067645"
provenance = "github-attestations"

[[tools.node]]
version = "24.21.0"
backend = "core:node"
specifiers = ["24.21.0"]

[tools.node."platforms.linux-arm64"]
checksum = "sha256:724282c3b43aec998aa9527380465b45d229e021b58035f5f4f63095eabfe5d5"
url = "https://nodejs.org/dist/v24.21.0/node-v24.21.0-linux-arm64.tar.gz"

[tools.node."platforms.linux-arm64-musl"]
checksum = "sha256:3048b0811e158ca0d8672b59c839861763e144492980d8d29b369dfee45747e4"
url = "https://unofficial-builds.nodejs.org/download/release/v24.21.0/node-v24.21.0-linux-arm64-musl.tar.gz"

[tools.node."platforms.linux-x64"]
checksum = "sha256:6e1db87ef58b8819e5d5402eff1536491b18edd8eb7bee5ef7897876e88dc5ff"
url = "https://nodejs.org/dist/v24.21.0/node-v24.21.0-linux-x64.tar.gz"

[tools.node."platforms.linux-x64-musl"]
checksum = "sha256:01a713e34da98e7b4d2a3191ee7ca3f93dd0384d1a2ef23c379b2161ee6e133a"
url = "https://unofficial-builds.nodejs.org/download/release/v24.21.0/node-v24.21.0-linux-x64-musl.tar.gz"

[tools.node."platforms.macos-arm64"]
checksum = "sha256:bed7eea5325e1108f32ce5228ddd6a5f0f08a499ee42aa7442aea583702f6057"
url = "https://nodejs.org/dist/v24.21.0/node-v24.21.0-darwin-arm64.tar.gz"

[tools.node."platforms.macos-x64"]
checksum = "sha256:1462cb3b3046b815cf8ea436d3da450ec1a9f11dac7e5a46b0ada5305d7e8097"
url = "https://nodejs.org/dist/v24.21.0/node-v24.21.0-darwin-x64.tar.gz"

[tools.node."platforms.windows-x64"]
checksum = "sha256:158f7685b44de51f6c0df1d153526cbcd3e1bc739a8dfc607721cef75de9e541"
url = "https://nodejs.org/dist/v24.21.0/node-v24.21.0-win-x64.zip"

[[tools."npm:markdownlint-cli2"]]
version = "0.23.3"
aube = { path = "locks/npm-markdownlint-cli2/0.23.3", digest = "sha256:66eb146ec44a1c263abb9ad3d72184c4f820b95eca7815e8f7475945425f45d6" }
backend = "npm:markdownlint-cli2"
specifiers = ["0.23.3"]

[[tools."pipx:check-jsonschema"]]
version = "0.38.1"
backend = "pipx:check-jsonschema"
specifiers = ["0.38.1"]
uv = { path = "locks/pipx-check-jsonschema/0.38.1", digest = "sha256:7d301ecb25029485039d8a3b6dc86966d3944242876dc0002db5ad1f3b873b40" }

[[tools."pipx:yamllint"]]
version = "1.38.0"
backend = "pipx:yamllint"
specifiers = ["1.38.0"]
uv = { path = "locks/pipx-yamllint/1.38.0", digest = "sha256:630cb70034488535537f2a7fe546d3e4c8bde930ef631d0f42be09d033d2ebd0" }

[[tools.python]]
version = "3.13.15"
backend = "core:python"
specifiers = ["3.13.15"]

[tools.python."platforms.linux-arm64"]
checksum = "sha256:5ad58156cbec94e5643c13caa792e92df72a23f33d3a6425d4cbff5c4b7a040c"
url = "https://github.com/astral-sh/python-build-standalone/releases/download/20260924/cpython-3.13.15+20260924-aarch64-unknown-linux-gnu-install_only_stripped.tar.gz"
provenance = "github-attestations"

[tools.python."platforms.linux-arm64-musl"]
checksum = "sha256:e919f032be1fbcd7cac8c591f89df461f21749ca6c9c7cee78fbd0909af4cc64"
url = "https://github.com/astral-sh/python-build-standalone/releases/download/20260924/cpython-3.13.15+20260924-aarch64-unknown-linux-musl-install_only_stripped.tar.gz"
provenance = "github-attestations"

[tools.python."platforms.linux-x64"]
checksum = "sha256:d0b640eed27fbdd6f5f2bd33444aee53df2c8863f8b2a96f4094717411e3de9c"
url = "https://github.com/astral-sh/python-build-standalone/releases/download/20260924/cpython-3.13.15+20260924-x86_64-unknown-linux-gnu-install_only_stripped.tar.gz"
provenance = "github-attestations"

[tools.python."platforms.linux-x64-musl"]
checksum = "sha256:94c39f6249241858871b9fe9cae8b506076ed8291860b1334210a76c13ac2b65"
url = "https://github.com/astral-sh/python-build-standalone/releases/download/20260924/cpython-3.13.15+20260924-x86_64-unknown-linux-musl-install_only_stripped.tar.gz"
provenance = "github-attestations"

[tools.python."platforms.macos-arm64"]
checksum = "sha256:064afb7c2fc0bbf511d886288adf98696af5105e36c138cdf2c199c0146fcf68"
url = "https://github.com/astral-sh/python-build-standalone/releases/download/20260924/cpython-3.13.15+20260924-aarch64-apple-darwin-install_only_stripped.tar.gz"
provenance = "github-attestations"

[tools.python."platforms.macos-x64"]
checksum = "sha256:327814efd865a0b6a99c149b12a261e9d0ad409183515c745d41bda2d07282e9"
url = "https://github.com/astral-sh/python-build-standalone/releases/download/20260924/cpython-3.13.15+20260924-x86_64-apple-darwin-install_only_stripped.tar.gz"
provenance = "github-attestations"

[tools.python."platforms.windows-x64"]
checksum = "sha256:e42fa944748a50e9ff481cbb817ef8a6e3da6fbcf0cf6f29b554e1acb8c7384d"
url = "https://github.com/astral-sh/python-build-standalone/releases/download/20260924/cpython-3.13.15+20260924-x86_64-pc-windows-msvc-install_only_stripped.tar.gz"
provenance = "github-attestations"
